{
  "name": "orrery",
  "version": "0.1.0",
  "lockfileVersion": 3,
  "requires": true,
  "packages": {
    "": {
      "name": "orrery",
      "version": "0.1.0",
      "license": "MIT",
      "bin": {
        "orrery": "bin/orrery.js"
      },
      "engines": {
        "node": ">=18"
      }
    }
  }
}
